{
  "object": {
    "pins": [
      {
        "package": "STK",
        "repositoryURL": "https://github.com/AudioKit/STK",
        "state": {
          "branch": "main",
          "revision": "6e70f9a93cc2b5a1587a7efcecf7180e52b1ccc1",
          "version": null
        }
      }
    ]
  },
  "version": 1
}
